Microsoft Visual Studio Solution File, Format Version 12.00
# Visual Studio Version 16
VisualStudioVersion = 16.0.30309.148
MinimumVisualStudioVersion = 10.0.40219.1
Project("{F184B08F-C81C-45F6-A57F-5ABD9991F28F}") = "BIC_Import_bat", "BIC_Import_bat.vbproj", "{00595765-189E-4756-A6D8-C8F0BE41D89B}"
EndProject
Project("{54435603-DBB4-11D2-8724-00A0C9A8B90C}") = "setup_Import_bat", "..\setup_Import_bat\setup_Import_bat.vdproj", "{E28F6BF8-42D5-465F-A362-0637407C7947}"
EndProject
Global
	GlobalSection(SolutionConfigurationPlatforms) = preSolution
		Debug|Any CPU = Debug|Any CPU
		Release|Any CPU = Release|Any CPU
	EndGlobalSection
	GlobalSection(ProjectConfigurationPlatforms) = postSolution
		{00595765-189E-4756-A6D8-C8F0BE41D89B}.Debug|Any CPU.ActiveCfg = Debug|Any CPU
		{00595765-189E-4756-A6D8-C8F0BE41D89B}.Debug|Any CPU.Build.0 = Debug|Any CPU
		{00595765-189E-4756-A6D8-C8F0BE41D89B}.Release|Any CPU.ActiveCfg = Release|Any CPU
		{00595765-189E-4756-A6D8-C8F0BE41D89B}.Release|Any CPU.Build.0 = Release|Any CPU
		{E28F6BF8-42D5-465F-A362-0637407C7947}.Debug|Any CPU.ActiveCfg = Debug
		{E28F6BF8-42D5-465F-A362-0637407C7947}.Release|Any CPU.ActiveCfg = Release
	EndGlobalSection
	GlobalSection(SolutionProperties) = preSolution
		HideSolutionNode = FALSE
	EndGlobalSection
	GlobalSection(ExtensibilityGlobals) = postSolution
		SolutionGuid = {8482640B-6CB6-45F7-A44F-D9B434FAAFF1}
	EndGlobalSection
EndGlobal
